apiVersion: cr.kanister.io/v1alpha1
kind: Blueprint
metadata:
  name: bp-mongodb-lock
  namespace: kasten-io    
actions:
  backupPrehook:
    phases:
    - func: KubeExec
      name: lockMongo
      objects:
        mongoDbSecret:
          kind: Secret
          name: '{{ .Object.metadata.name }}'
          namespace: '{{ .StatefulSet.Namespace }}'
      args:
        namespace: "{{ .StatefulSet.Namespace }}"
        pod: "{{ index .StatefulSet.Pods 0 }}"
        container: mongodb
        command:
        - bash
        - -o
        - errexit
        - -o
        - pipefail
        - -c
        - |
          export MONGODB_ROOT_PASSWORD='{{ index .Phases.lockMongo.Secrets.mongoDbSecret.Data "mongodb-root-password" | toString }}'
          mongosh --authenticationDatabase admin -u root -p "${MONGODB_ROOT_PASSWORD}" --eval="db.fsyncLock()"
  backupPosthook:
    phases:
    - func: KubeExec
      name: unlockMongo
      objects:
        mongoDbSecret:
          kind: Secret
          name: '{{ .Object.metadata.name }}'
          namespace: '{{ .StatefulSet.Namespace }}'
      args:
        namespace: "{{ .StatefulSet.Namespace }}"
        pod: "{{ index .StatefulSet.Pods 0 }}"
        container: mongodb
        command:
        - bash
        - -o
        - errexit
        - -o
        - pipefail
        - -c
        - |
          export MONGODB_ROOT_PASSWORD='{{ index .Phases.unlockMongo.Secrets.mongoDbSecret.Data "mongodb-root-password" | toString }}'
          mongosh --authenticationDatabase admin -u root -p "${MONGODB_ROOT_PASSWORD}" --eval="db.fsyncUnlock()"